
Microsoft Visual Studio Solution File, Format Version 12.00
# Visual Studio Version 16
VisualStudioVersion = 16.0.30320.27
MinimumVisualStudioVersion = 10.0.40219.1
Project("{FAE04EC0-301F-11D3-BF4B-00C04F79EFBC}") = "MiniProjectInheritance", "MiniProjectInheritance\MiniProjectInheritance.csproj", "{4A8F3E2E-94C9-445F-846F-0C451DC30CDE}"
EndProject
Global
	GlobalSection(SolutionConfigurationPlatforms) = preSolution
		Debug|Any CPU = Debug|Any CPU
		Release|Any CPU = Release|Any CPU
	EndGlobalSection
	GlobalSection(ProjectConfigurationPlatforms) = postSolution
		{4A8F3E2E-94C9-445F-846F-0C451DC30CDE}.Debug|Any CPU.ActiveCfg = Debug|Any CPU
		{4A8F3E2E-94C9-445F-846F-0C451DC30CDE}.Debug|Any CPU.Build.0 = Debug|Any CPU
		{4A8F3E2E-94C9-445F-846F-0C451DC30CDE}.Release|Any CPU.ActiveCfg = Release|Any CPU
		{4A8F3E2E-94C9-445F-846F-0C451DC30CDE}.Release|Any CPU.Build.0 = Release|Any CPU
	EndGlobalSection
	GlobalSection(SolutionProperties) = preSolution
		HideSolutionNode = FALSE
	EndGlobalSection
	GlobalSection(ExtensibilityGlobals) = postSolution
		SolutionGuid = {3B1EAD4B-AF2B-44C9-ACF1-BC0A3E3E5F80}
	EndGlobalSection
EndGlobal
