
Microsoft Visual Studio Solution File, Format Version 12.00
# Visual Studio Version 16
VisualStudioVersion = 16.0.30011.22
MinimumVisualStudioVersion = 10.0.40219.1
Project("{FAE04EC0-301F-11D3-BF4B-00C04F79EFBC}") = "PartyGuests", "PartyGuests\PartyGuests.csproj", "{C276B018-3D44-493D-8D74-1E7839366E12}"
EndProject
Global
	GlobalSection(SolutionConfigurationPlatforms) = preSolution
		Debug|Any CPU = Debug|Any CPU
		Release|Any CPU = Release|Any CPU
	EndGlobalSection
	GlobalSection(ProjectConfigurationPlatforms) = postSolution
		{C276B018-3D44-493D-8D74-1E7839366E12}.Debug|Any CPU.ActiveCfg = Debug|Any CPU
		{C276B018-3D44-493D-8D74-1E7839366E12}.Debug|Any CPU.Build.0 = Debug|Any CPU
		{C276B018-3D44-493D-8D74-1E7839366E12}.Release|Any CPU.ActiveCfg = Release|Any CPU
		{C276B018-3D44-493D-8D74-1E7839366E12}.Release|Any CPU.Build.0 = Release|Any CPU
	EndGlobalSection
	GlobalSection(SolutionProperties) = preSolution
		HideSolutionNode = FALSE
	EndGlobalSection
	GlobalSection(ExtensibilityGlobals) = postSolution
		SolutionGuid = {17489EFA-E993-4EA9-AA82-D9F0401B85FB}
	EndGlobalSection
EndGlobal
