
Microsoft Visual Studio Solution File, Format Version 12.00
# Visual Studio Version 16
VisualStudioVersion = 16.0.30011.22
MinimumVisualStudioVersion = 10.0.40219.1
Project("{FAE04EC0-301F-11D3-BF4B-00C04F79EFBC}") = "CalculatorV2", "CalculatorV2\CalculatorV2.csproj", "{D04D37D0-A4D2-4C54-936F-D82692FFEDAB}"
EndProject
Global
	GlobalSection(SolutionConfigurationPlatforms) = preSolution
		Debug|Any CPU = Debug|Any CPU
		Release|Any CPU = Release|Any CPU
	EndGlobalSection
	GlobalSection(ProjectConfigurationPlatforms) = postSolution
		{D04D37D0-A4D2-4C54-936F-D82692FFEDAB}.Debug|Any CPU.ActiveCfg = Debug|Any CPU
		{D04D37D0-A4D2-4C54-936F-D82692FFEDAB}.Debug|Any CPU.Build.0 = Debug|Any CPU
		{D04D37D0-A4D2-4C54-936F-D82692FFEDAB}.Release|Any CPU.ActiveCfg = Release|Any CPU
		{D04D37D0-A4D2-4C54-936F-D82692FFEDAB}.Release|Any CPU.Build.0 = Release|Any CPU
	EndGlobalSection
	GlobalSection(SolutionProperties) = preSolution
		HideSolutionNode = FALSE
	EndGlobalSection
	GlobalSection(ExtensibilityGlobals) = postSolution
		SolutionGuid = {BFA1FDBE-86AB-4B8D-8751-F6DDB3F07374}
	EndGlobalSection
EndGlobal
